
Microsoft Visual Studio Solution File, Format Version 12.00
# Visual Studio 14
VisualStudioVersion = 14.0.23107.0
MinimumVisualStudioVersion = 10.0.40219.1
Project("{FAE04EC0-301F-11D3-BF4B-00C04F79EFBC}") = "ReviewSymFiles", "ReviewSymFiles.csproj", "{2026A136-A8BC-4DED-9FA4-8B4DD5CDE543}"
EndProject
Global
	GlobalSection(SolutionConfigurationPlatforms) = preSolution
		2017|x64 = 2017|x64
		2017|x86 = 2017|x86
		Debug|x64 = Debug|x64
		Debug|x86 = Debug|x86
		Release|x64 = Release|x64
		Release|x86 = Release|x86
	EndGlobalSection
	GlobalSection(ProjectConfigurationPlatforms) = postSolution
		{2026A136-A8BC-4DED-9FA4-8B4DD5CDE543}.2017|x64.ActiveCfg = 2017|x64
		{2026A136-A8BC-4DED-9FA4-8B4DD5CDE543}.2017|x64.Build.0 = 2017|x64
		{2026A136-A8BC-4DED-9FA4-8B4DD5CDE543}.2017|x86.ActiveCfg = 2017|x86
		{2026A136-A8BC-4DED-9FA4-8B4DD5CDE543}.2017|x86.Build.0 = 2017|x86
		{2026A136-A8BC-4DED-9FA4-8B4DD5CDE543}.Debug|x64.ActiveCfg = Debug|x64
		{2026A136-A8BC-4DED-9FA4-8B4DD5CDE543}.Debug|x64.Build.0 = Debug|x64
		{2026A136-A8BC-4DED-9FA4-8B4DD5CDE543}.Debug|x86.ActiveCfg = Debug|x86
		{2026A136-A8BC-4DED-9FA4-8B4DD5CDE543}.Debug|x86.Build.0 = Debug|x86
		{2026A136-A8BC-4DED-9FA4-8B4DD5CDE543}.Release|x64.ActiveCfg = Release|x64
		{2026A136-A8BC-4DED-9FA4-8B4DD5CDE543}.Release|x64.Build.0 = Release|x64
		{2026A136-A8BC-4DED-9FA4-8B4DD5CDE543}.Release|x86.ActiveCfg = Release|x86
		{2026A136-A8BC-4DED-9FA4-8B4DD5CDE543}.Release|x86.Build.0 = Release|x86
	EndGlobalSection
	GlobalSection(SolutionProperties) = preSolution
		HideSolutionNode = FALSE
	EndGlobalSection
EndGlobal
