
Microsoft Visual Studio Solution File, Format Version 12.00
# Visual Studio Version 17
VisualStudioVersion = 17.2.32630.192
MinimumVisualStudioVersion = 10.0.40219.1
Project("{FAE04EC0-301F-11D3-BF4B-00C04F79EFBC}") = "PrintPDFTest", "PrintPDFTest\PrintPDFTest.csproj", "{0EA17663-FD40-4063-ADB1-ADC5673A51B7}"
	ProjectSection(ProjectDependencies) = postProject
		{720A36FB-B09E-4BC2-9A55-CE1AE591D0CD} = {720A36FB-B09E-4BC2-9A55-CE1AE591D0CD}
	EndProjectSection
EndProject
Project("{FAE04EC0-301F-11D3-BF4B-00C04F79EFBC}") = "PrintPDF", "..\PrintPDF\PrintPDF.csproj", "{720A36FB-B09E-4BC2-9A55-CE1AE591D0CD}"
EndProject
Global
	GlobalSection(SolutionConfigurationPlatforms) = preSolution
		Debug|Any CPU = Debug|Any CPU
		Debug|x64 = Debug|x64
		Release|Any CPU = Release|Any CPU
		Release|x64 = Release|x64
	EndGlobalSection
	GlobalSection(ProjectConfigurationPlatforms) = postSolution
		{0EA17663-FD40-4063-ADB1-ADC5673A51B7}.Debug|Any CPU.ActiveCfg = Debug|Any CPU
		{0EA17663-FD40-4063-ADB1-ADC5673A51B7}.Debug|Any CPU.Build.0 = Debug|Any CPU
		{0EA17663-FD40-4063-ADB1-ADC5673A51B7}.Debug|x64.ActiveCfg = Debug|Any CPU
		{0EA17663-FD40-4063-ADB1-ADC5673A51B7}.Debug|x64.Build.0 = Debug|Any CPU
		{0EA17663-FD40-4063-ADB1-ADC5673A51B7}.Release|Any CPU.ActiveCfg = Release|Any CPU
		{0EA17663-FD40-4063-ADB1-ADC5673A51B7}.Release|Any CPU.Build.0 = Release|Any CPU
		{0EA17663-FD40-4063-ADB1-ADC5673A51B7}.Release|x64.ActiveCfg = Release|Any CPU
		{0EA17663-FD40-4063-ADB1-ADC5673A51B7}.Release|x64.Build.0 = Release|Any CPU
		{720A36FB-B09E-4BC2-9A55-CE1AE591D0CD}.Debug|Any CPU.ActiveCfg = Debug|Any CPU
		{720A36FB-B09E-4BC2-9A55-CE1AE591D0CD}.Debug|Any CPU.Build.0 = Debug|Any CPU
		{720A36FB-B09E-4BC2-9A55-CE1AE591D0CD}.Debug|x64.ActiveCfg = Debug|x64
		{720A36FB-B09E-4BC2-9A55-CE1AE591D0CD}.Debug|x64.Build.0 = Debug|x64
		{720A36FB-B09E-4BC2-9A55-CE1AE591D0CD}.Release|Any CPU.ActiveCfg = Release|Any CPU
		{720A36FB-B09E-4BC2-9A55-CE1AE591D0CD}.Release|Any CPU.Build.0 = Release|Any CPU
		{720A36FB-B09E-4BC2-9A55-CE1AE591D0CD}.Release|x64.ActiveCfg = Release|x64
		{720A36FB-B09E-4BC2-9A55-CE1AE591D0CD}.Release|x64.Build.0 = Release|x64
	EndGlobalSection
	GlobalSection(SolutionProperties) = preSolution
		HideSolutionNode = FALSE
	EndGlobalSection
	GlobalSection(ExtensibilityGlobals) = postSolution
		SolutionGuid = {4A7DD0A2-5FF9-4A60-AB41-BE2952610D96}
	EndGlobalSection
EndGlobal
