
Microsoft Visual Studio Solution File, Format Version 12.00
# Visual Studio Version 17
VisualStudioVersion = 17.0.31903.59
MinimumVisualStudioVersion = 10.0.40219.1
Project("{FAE04EC0-301F-11D3-BF4B-00C04F79EFBC}") = "HorstMFG.Bridge", "HorstMFG.Bridge\HorstMFG.Bridge.csproj", "{350AFB20-4D2A-4810-9FFE-30D9717B8082}"
EndProject
Project("{FAE04EC0-301F-11D3-BF4B-00C04F79EFBC}") = "VaultAccess", "..\VaultAccess\VaultAccess.csproj", "{15635C05-BE90-4F08-8B87-21F85B406A00}"
EndProject
Project("{FAE04EC0-301F-11D3-BF4B-00C04F79EFBC}") = "PrintPDF", "..\PrintPDF\PrintPDF.csproj", "{720A36FB-B09E-4BC2-9A55-CE1AE591D0CD}"
EndProject
Project("{FAE04EC0-301F-11D3-BF4B-00C04F79EFBC}") = "HorstPdfPrinter", "HorstPdfPrinter\HorstPdfPrinter.csproj", "{C7F2A8B3-4D6E-4A92-B5C1-8E3F9D7A2B4C}"
EndProject
Global
	GlobalSection(SolutionConfigurationPlatforms) = preSolution
		Debug|Any CPU = Debug|Any CPU
		Debug|x64 = Debug|x64
		Debug|x86 = Debug|x86
		Release|Any CPU = Release|Any CPU
		Release|x64 = Release|x64
		Release|x86 = Release|x86
	EndGlobalSection
	GlobalSection(ProjectConfigurationPlatforms) = postSolution
		{350AFB20-4D2A-4810-9FFE-30D9717B8082}.Debug|Any CPU.ActiveCfg = Debug|Any CPU
		{350AFB20-4D2A-4810-9FFE-30D9717B8082}.Debug|Any CPU.Build.0 = Debug|Any CPU
		{350AFB20-4D2A-4810-9FFE-30D9717B8082}.Debug|x64.ActiveCfg = Debug|Any CPU
		{350AFB20-4D2A-4810-9FFE-30D9717B8082}.Debug|x64.Build.0 = Debug|Any CPU
		{350AFB20-4D2A-4810-9FFE-30D9717B8082}.Debug|x86.ActiveCfg = Debug|Any CPU
		{350AFB20-4D2A-4810-9FFE-30D9717B8082}.Debug|x86.Build.0 = Debug|Any CPU
		{350AFB20-4D2A-4810-9FFE-30D9717B8082}.Release|Any CPU.ActiveCfg = Release|Any CPU
		{350AFB20-4D2A-4810-9FFE-30D9717B8082}.Release|Any CPU.Build.0 = Release|Any CPU
		{350AFB20-4D2A-4810-9FFE-30D9717B8082}.Release|x64.ActiveCfg = Release|Any CPU
		{350AFB20-4D2A-4810-9FFE-30D9717B8082}.Release|x64.Build.0 = Release|Any CPU
		{350AFB20-4D2A-4810-9FFE-30D9717B8082}.Release|x86.ActiveCfg = Release|Any CPU
		{350AFB20-4D2A-4810-9FFE-30D9717B8082}.Release|x86.Build.0 = Release|Any CPU
		{15635C05-BE90-4F08-8B87-21F85B406A00}.Debug|Any CPU.ActiveCfg = Debug|x64
		{15635C05-BE90-4F08-8B87-21F85B406A00}.Debug|Any CPU.Build.0 = Debug|x64
		{15635C05-BE90-4F08-8B87-21F85B406A00}.Debug|x64.ActiveCfg = Debug|x64
		{15635C05-BE90-4F08-8B87-21F85B406A00}.Debug|x64.Build.0 = Debug|x64
		{15635C05-BE90-4F08-8B87-21F85B406A00}.Debug|x86.ActiveCfg = Debug|x64
		{15635C05-BE90-4F08-8B87-21F85B406A00}.Debug|x86.Build.0 = Debug|x64
		{15635C05-BE90-4F08-8B87-21F85B406A00}.Release|Any CPU.ActiveCfg = Release|x64
		{15635C05-BE90-4F08-8B87-21F85B406A00}.Release|Any CPU.Build.0 = Release|x64
		{15635C05-BE90-4F08-8B87-21F85B406A00}.Release|x64.ActiveCfg = Release|x64
		{15635C05-BE90-4F08-8B87-21F85B406A00}.Release|x64.Build.0 = Release|x64
		{15635C05-BE90-4F08-8B87-21F85B406A00}.Release|x86.ActiveCfg = Release|x64
		{15635C05-BE90-4F08-8B87-21F85B406A00}.Release|x86.Build.0 = Release|x64
		{720A36FB-B09E-4BC2-9A55-CE1AE591D0CD}.Debug|Any CPU.ActiveCfg = Debug|x64
		{720A36FB-B09E-4BC2-9A55-CE1AE591D0CD}.Debug|Any CPU.Build.0 = Debug|x64
		{720A36FB-B09E-4BC2-9A55-CE1AE591D0CD}.Debug|x64.ActiveCfg = Debug|x64
		{720A36FB-B09E-4BC2-9A55-CE1AE591D0CD}.Debug|x64.Build.0 = Debug|x64
		{720A36FB-B09E-4BC2-9A55-CE1AE591D0CD}.Debug|x86.ActiveCfg = Debug|x64
		{720A36FB-B09E-4BC2-9A55-CE1AE591D0CD}.Debug|x86.Build.0 = Debug|x64
		{720A36FB-B09E-4BC2-9A55-CE1AE591D0CD}.Release|Any CPU.ActiveCfg = Release|x64
		{720A36FB-B09E-4BC2-9A55-CE1AE591D0CD}.Release|Any CPU.Build.0 = Release|x64
		{720A36FB-B09E-4BC2-9A55-CE1AE591D0CD}.Release|x64.ActiveCfg = Release|x64
		{720A36FB-B09E-4BC2-9A55-CE1AE591D0CD}.Release|x64.Build.0 = Release|x64
		{720A36FB-B09E-4BC2-9A55-CE1AE591D0CD}.Release|x86.ActiveCfg = Release|x64
		{720A36FB-B09E-4BC2-9A55-CE1AE591D0CD}.Release|x86.Build.0 = Release|x64
		{C7F2A8B3-4D6E-4A92-B5C1-8E3F9D7A2B4C}.Debug|Any CPU.ActiveCfg = Debug|Any CPU
		{C7F2A8B3-4D6E-4A92-B5C1-8E3F9D7A2B4C}.Debug|Any CPU.Build.0 = Debug|Any CPU
		{C7F2A8B3-4D6E-4A92-B5C1-8E3F9D7A2B4C}.Debug|x64.ActiveCfg = Debug|Any CPU
		{C7F2A8B3-4D6E-4A92-B5C1-8E3F9D7A2B4C}.Debug|x64.Build.0 = Debug|Any CPU
		{C7F2A8B3-4D6E-4A92-B5C1-8E3F9D7A2B4C}.Debug|x86.ActiveCfg = Debug|Any CPU
		{C7F2A8B3-4D6E-4A92-B5C1-8E3F9D7A2B4C}.Debug|x86.Build.0 = Debug|Any CPU
		{C7F2A8B3-4D6E-4A92-B5C1-8E3F9D7A2B4C}.Release|Any CPU.ActiveCfg = Release|Any CPU
		{C7F2A8B3-4D6E-4A92-B5C1-8E3F9D7A2B4C}.Release|Any CPU.Build.0 = Release|Any CPU
		{C7F2A8B3-4D6E-4A92-B5C1-8E3F9D7A2B4C}.Release|x64.ActiveCfg = Release|Any CPU
		{C7F2A8B3-4D6E-4A92-B5C1-8E3F9D7A2B4C}.Release|x64.Build.0 = Release|Any CPU
		{C7F2A8B3-4D6E-4A92-B5C1-8E3F9D7A2B4C}.Release|x86.ActiveCfg = Release|Any CPU
		{C7F2A8B3-4D6E-4A92-B5C1-8E3F9D7A2B4C}.Release|x86.Build.0 = Release|Any CPU
	EndGlobalSection
	GlobalSection(SolutionProperties) = preSolution
		HideSolutionNode = FALSE
	EndGlobalSection
EndGlobal
