
Microsoft Visual Studio Solution File, Format Version 12.00
# Visual Studio Express 2012 for Windows Desktop
Project("{FAE04EC0-301F-11D3-BF4B-00C04F79EFBC}") = "PrintPDF", "PrintPDF.csproj", "{A0659540-2097-47BA-A233-B4E73DA1652F}"
EndProject
Global
	GlobalSection(SolutionConfigurationPlatforms) = preSolution
		Debug|Any CPU = Debug|Any CPU
		Release|Any CPU = Release|Any CPU
	EndGlobalSection
	GlobalSection(ProjectConfigurationPlatforms) = postSolution
		{A0659540-2097-47BA-A233-B4E73DA1652F}.Debug|Any CPU.ActiveCfg = Debug|Any CPU
		{A0659540-2097-47BA-A233-B4E73DA1652F}.Debug|Any CPU.Build.0 = Debug|Any CPU
		{A0659540-2097-47BA-A233-B4E73DA1652F}.Release|Any CPU.ActiveCfg = Release|Any CPU
		{A0659540-2097-47BA-A233-B4E73DA1652F}.Release|Any CPU.Build.0 = Release|Any CPU
	EndGlobalSection
	GlobalSection(SolutionProperties) = preSolution
		HideSolutionNode = FALSE
	EndGlobalSection
EndGlobal
